
Microsoft Visual Studio Solution File, Format Version 12.00
# Visual Studio 15
Project("{FAE04EC0-301F-11D3-BF4B-00C04F79EFBC}") = "Assembly-CSharp", "Assembly-CSharp.csproj", "{F5695E22-B0C3-F354-709E-2C427B6F7421}"
EndProject
Global
	GlobalSection(SolutionConfigurationPlatforms) = preSolution
		Debug|Any CPU = Debug|Any CPU
		Release|Any CPU = Release|Any CPU
	EndGlobalSection
	GlobalSection(ProjectConfigurationPlatforms) = postSolution
		{F5695E22-B0C3-F354-709E-2C427B6F7421}.Debug|Any CPU.ActiveCfg = Debug|Any CPU
		{F5695E22-B0C3-F354-709E-2C427B6F7421}.Debug|Any CPU.Build.0 = Debug|Any CPU
		{F5695E22-B0C3-F354-709E-2C427B6F7421}.Release|Any CPU.ActiveCfg = Release|Any CPU
		{F5695E22-B0C3-F354-709E-2C427B6F7421}.Release|Any CPU.Build.0 = Release|Any CPU
	EndGlobalSection
	GlobalSection(SolutionProperties) = preSolution
		HideSolutionNode = FALSE
	EndGlobalSection
EndGlobal
